
Microsoft Visual Studio Solution File, Format Version 12.00
# Visual Studio 15
VisualStudioVersion = 15.0.28307.645
MinimumVisualStudioVersion = 10.0.40219.1
Project("{FAE04EC0-301F-11D3-BF4B-00C04F79EFBC}") = "CityFunc.Web", "CityFunc.Web\CityFunc.Web.csproj", "{0503CD91-1786-46CB-ADBA-010A3B14B7DD}"
EndProject
Global
	GlobalSection(SolutionConfigurationPlatforms) = preSolution
		Debug|Any CPU = Debug|Any CPU
		Release|Any CPU = Release|Any CPU
	EndGlobalSection
	GlobalSection(ProjectConfigurationPlatforms) = postSolution
		{0503CD91-1786-46CB-ADBA-010A3B14B7DD}.Debug|Any CPU.ActiveCfg = Debug|Any CPU
		{0503CD91-1786-46CB-ADBA-010A3B14B7DD}.Debug|Any CPU.Build.0 = Debug|Any CPU
		{0503CD91-1786-46CB-ADBA-010A3B14B7DD}.Release|Any CPU.ActiveCfg = Release|Any CPU
		{0503CD91-1786-46CB-ADBA-010A3B14B7DD}.Release|Any CPU.Build.0 = Release|Any CPU
	EndGlobalSection
	GlobalSection(SolutionProperties) = preSolution
		HideSolutionNode = FALSE
	EndGlobalSection
	GlobalSection(ExtensibilityGlobals) = postSolution
		SolutionGuid = {ACE57E36-B23F-4B13-A8B8-093DD571ED53}
	EndGlobalSection
EndGlobal
